
Microsoft Visual Studio Solution File, Format Version 12.00
# Visual Studio Version 16
VisualStudioVersion = 16.0.31025.218
MinimumVisualStudioVersion = 10.0.40219.1
Project("{FAE04EC0-301F-11D3-BF4B-00C04F79EFBC}") = "CsWinRTComponent", "CsWinRTComponent\CsWinRTComponent.csproj", "{EB7C13EC-E617-4DCB-879F-876A9A3F0BAC}"
EndProject
Project("{8BC9CEB8-8B4A-11D0-8D11-00A0C91BC942}") = "CppWinRT_WindowsConsoleApp", "CppWinRT_WindowsConsoleApp\CppWinRT_WindowsConsoleApp.vcxproj", "{ADFA76A8-883F-454D-B798-F9739446B0B6}"
EndProject
Project("{FAE04EC0-301F-11D3-BF4B-00C04F79EFBC}") = "Cs_ConsoleApp", "Cs_ConsoleApp\Cs_ConsoleApp.csproj", "{068ADAA1-247C-44EC-A89A-29DFADE6C67B}"
EndProject
Global
	GlobalSection(SolutionConfigurationPlatforms) = preSolution
		Debug|Any CPU = Debug|Any CPU
		Debug|x64 = Debug|x64
		Debug|x86 = Debug|x86
		Release|Any CPU = Release|Any CPU
		Release|x64 = Release|x64
		Release|x86 = Release|x86
	EndGlobalSection
	GlobalSection(ProjectConfigurationPlatforms) = postSolution
		{EB7C13EC-E617-4DCB-879F-876A9A3F0BAC}.Debug|Any CPU.ActiveCfg = Debug|Any CPU
		{EB7C13EC-E617-4DCB-879F-876A9A3F0BAC}.Debug|Any CPU.Build.0 = Debug|Any CPU
		{EB7C13EC-E617-4DCB-879F-876A9A3F0BAC}.Debug|x64.ActiveCfg = Debug|Any CPU
		{EB7C13EC-E617-4DCB-879F-876A9A3F0BAC}.Debug|x64.Build.0 = Debug|Any CPU
		{EB7C13EC-E617-4DCB-879F-876A9A3F0BAC}.Debug|x86.ActiveCfg = Debug|Any CPU
		{EB7C13EC-E617-4DCB-879F-876A9A3F0BAC}.Debug|x86.Build.0 = Debug|Any CPU
		{EB7C13EC-E617-4DCB-879F-876A9A3F0BAC}.Release|Any CPU.ActiveCfg = Release|Any CPU
		{EB7C13EC-E617-4DCB-879F-876A9A3F0BAC}.Release|Any CPU.Build.0 = Release|Any CPU
		{EB7C13EC-E617-4DCB-879F-876A9A3F0BAC}.Release|x64.ActiveCfg = Release|Any CPU
		{EB7C13EC-E617-4DCB-879F-876A9A3F0BAC}.Release|x64.Build.0 = Release|Any CPU
		{EB7C13EC-E617-4DCB-879F-876A9A3F0BAC}.Release|x86.ActiveCfg = Release|Any CPU
		{EB7C13EC-E617-4DCB-879F-876A9A3F0BAC}.Release|x86.Build.0 = Release|Any CPU
		{ADFA76A8-883F-454D-B798-F9739446B0B6}.Debug|Any CPU.ActiveCfg = Debug|Win32
		{ADFA76A8-883F-454D-B798-F9739446B0B6}.Debug|x64.ActiveCfg = Debug|x64
		{ADFA76A8-883F-454D-B798-F9739446B0B6}.Debug|x64.Build.0 = Debug|x64
		{ADFA76A8-883F-454D-B798-F9739446B0B6}.Debug|x86.ActiveCfg = Debug|Win32
		{ADFA76A8-883F-454D-B798-F9739446B0B6}.Debug|x86.Build.0 = Debug|Win32
		{ADFA76A8-883F-454D-B798-F9739446B0B6}.Release|Any CPU.ActiveCfg = Release|Win32
		{ADFA76A8-883F-454D-B798-F9739446B0B6}.Release|x64.ActiveCfg = Release|x64
		{ADFA76A8-883F-454D-B798-F9739446B0B6}.Release|x64.Build.0 = Release|x64
		{ADFA76A8-883F-454D-B798-F9739446B0B6}.Release|x86.ActiveCfg = Release|Win32
		{ADFA76A8-883F-454D-B798-F9739446B0B6}.Release|x86.Build.0 = Release|Win32
		{068ADAA1-247C-44EC-A89A-29DFADE6C67B}.Debug|Any CPU.ActiveCfg = Debug|Any CPU
		{068ADAA1-247C-44EC-A89A-29DFADE6C67B}.Debug|Any CPU.Build.0 = Debug|Any CPU
		{068ADAA1-247C-44EC-A89A-29DFADE6C67B}.Debug|x64.ActiveCfg = Debug|Any CPU
		{068ADAA1-247C-44EC-A89A-29DFADE6C67B}.Debug|x64.Build.0 = Debug|Any CPU
		{068ADAA1-247C-44EC-A89A-29DFADE6C67B}.Debug|x86.ActiveCfg = Debug|Any CPU
		{068ADAA1-247C-44EC-A89A-29DFADE6C67B}.Debug|x86.Build.0 = Debug|Any CPU
		{068ADAA1-247C-44EC-A89A-29DFADE6C67B}.Release|Any CPU.ActiveCfg = Release|Any CPU
		{068ADAA1-247C-44EC-A89A-29DFADE6C67B}.Release|Any CPU.Build.0 = Release|Any CPU
		{068ADAA1-247C-44EC-A89A-29DFADE6C67B}.Release|x64.ActiveCfg = Release|Any CPU
		{068ADAA1-247C-44EC-A89A-29DFADE6C67B}.Release|x64.Build.0 = Release|Any CPU
		{068ADAA1-247C-44EC-A89A-29DFADE6C67B}.Release|x86.ActiveCfg = Release|Any CPU
		{068ADAA1-247C-44EC-A89A-29DFADE6C67B}.Release|x86.Build.0 = Release|Any CPU
	EndGlobalSection
	GlobalSection(SolutionProperties) = preSolution
		HideSolutionNode = FALSE
	EndGlobalSection
	GlobalSection(ExtensibilityGlobals) = postSolution
		SolutionGuid = {4EAC5472-E992-41DC-878A-D2660036E733}
	EndGlobalSection
EndGlobal
